
Microsoft Visual Studio Solution File, Format Version 12.00
# Visual Studio Version 17
VisualStudioVersion = 17.5.33627.172
MinimumVisualStudioVersion = 10.0.40219.1
Project("{9A19103F-16F7-4668-BE54-9A1E7A4F7556}") = "Entitites", "Entitites\Entitites.csproj", "{16967027-F741-48D2-BDB9-5B1E3BB63323}"
EndProject
Project("{9A19103F-16F7-4668-BE54-9A1E7A4F7556}") = "DataAccess", "DataAccess\DataAccess.csproj", "{7BAE5FB6-B0E0-4922-8DE9-9A6BCD9C43FA}"
EndProject
Project("{9A19103F-16F7-4668-BE54-9A1E7A4F7556}") = "Business", "Business\Business.csproj", "{F1182491-22B4-4844-8889-A4004F12D7C8}"
EndProject
Project("{9A19103F-16F7-4668-BE54-9A1E7A4F7556}") = "ConsoleUI", "ConsoleUI\ConsoleUI.csproj", "{67924186-7A5E-4416-8480-8BC02FED380B}"
EndProject
Project("{9A19103F-16F7-4668-BE54-9A1E7A4F7556}") = "Core", "Core\Core.csproj", "{5666D72A-5FB7-4539-BD1C-8ECBDA7D0DA9}"
EndProject
Project("{FAE04EC0-301F-11D3-BF4B-00C04F79EFBC}") = "WebAPI", "WebAPI\WebAPI.csproj", "{15C281AC-37CE-4426-85F8-381664BF312C}"
EndProject
Global
	GlobalSection(SolutionConfigurationPlatforms) = preSolution
		Debug|Any CPU = Debug|Any CPU
		Release|Any CPU = Release|Any CPU
	EndGlobalSection
	GlobalSection(ProjectConfigurationPlatforms) = postSolution
		{16967027-F741-48D2-BDB9-5B1E3BB63323}.Debug|Any CPU.ActiveCfg = Debug|Any CPU
		{16967027-F741-48D2-BDB9-5B1E3BB63323}.Debug|Any CPU.Build.0 = Debug|Any CPU
		{16967027-F741-48D2-BDB9-5B1E3BB63323}.Release|Any CPU.ActiveCfg = Release|Any CPU
		{16967027-F741-48D2-BDB9-5B1E3BB63323}.Release|Any CPU.Build.0 = Release|Any CPU
		{7BAE5FB6-B0E0-4922-8DE9-9A6BCD9C43FA}.Debug|Any CPU.ActiveCfg = Debug|Any CPU
		{7BAE5FB6-B0E0-4922-8DE9-9A6BCD9C43FA}.Debug|Any CPU.Build.0 = Debug|Any CPU
		{7BAE5FB6-B0E0-4922-8DE9-9A6BCD9C43FA}.Release|Any CPU.ActiveCfg = Release|Any CPU
		{7BAE5FB6-B0E0-4922-8DE9-9A6BCD9C43FA}.Release|Any CPU.Build.0 = Release|Any CPU
		{F1182491-22B4-4844-8889-A4004F12D7C8}.Debug|Any CPU.ActiveCfg = Debug|Any CPU
		{F1182491-22B4-4844-8889-A4004F12D7C8}.Debug|Any CPU.Build.0 = Debug|Any CPU
		{F1182491-22B4-4844-8889-A4004F12D7C8}.Release|Any CPU.ActiveCfg = Release|Any CPU
		{F1182491-22B4-4844-8889-A4004F12D7C8}.Release|Any CPU.Build.0 = Release|Any CPU
		{67924186-7A5E-4416-8480-8BC02FED380B}.Debug|Any CPU.ActiveCfg = Debug|Any CPU
		{67924186-7A5E-4416-8480-8BC02FED380B}.Debug|Any CPU.Build.0 = Debug|Any CPU
		{67924186-7A5E-4416-8480-8BC02FED380B}.Release|Any CPU.ActiveCfg = Release|Any CPU
		{67924186-7A5E-4416-8480-8BC02FED380B}.Release|Any CPU.Build.0 = Release|Any CPU
		{5666D72A-5FB7-4539-BD1C-8ECBDA7D0DA9}.Debug|Any CPU.ActiveCfg = Debug|Any CPU
		{5666D72A-5FB7-4539-BD1C-8ECBDA7D0DA9}.Debug|Any CPU.Build.0 = Debug|Any CPU
		{5666D72A-5FB7-4539-BD1C-8ECBDA7D0DA9}.Release|Any CPU.ActiveCfg = Release|Any CPU
		{5666D72A-5FB7-4539-BD1C-8ECBDA7D0DA9}.Release|Any CPU.Build.0 = Release|Any CPU
		{15C281AC-37CE-4426-85F8-381664BF312C}.Debug|Any CPU.ActiveCfg = Debug|Any CPU
		{15C281AC-37CE-4426-85F8-381664BF312C}.Debug|Any CPU.Build.0 = Debug|Any CPU
		{15C281AC-37CE-4426-85F8-381664BF312C}.Release|Any CPU.ActiveCfg = Release|Any CPU
		{15C281AC-37CE-4426-85F8-381664BF312C}.Release|Any CPU.Build.0 = Release|Any CPU
	EndGlobalSection
	GlobalSection(SolutionProperties) = preSolution
		HideSolutionNode = FALSE
	EndGlobalSection
	GlobalSection(ExtensibilityGlobals) = postSolution
		SolutionGuid = {54B39800-DECE-4549-A77A-023A02FFB4CE}
	EndGlobalSection
EndGlobal
